# This file is automatically @generated by Cargo.
# It is not intended for manual editing.
version = 3

[[package]]
name = "Enum"
version = "0.1.0"

[[package]]
name = "control_flow"
version = "0.1.0"

[[package]]
name = "match_iflet"
version = "0.1.0"

[[package]]
name = "ownership"
version = "0.1.0"

[[package]]
name = "primitive_type"
version = "0.1.0"

[[package]]
name = "struct_instance"
version = "0.1.0"

[[package]]
name = "variables"
version = "0.1.0"
